// !$*UTF8*$!
{
	archiveVersion = 1;
	classes = {
	};
	objectVersion = 46;
	objects = {

/* Begin PBXBuildFile section */
		3B2083E21CF041B400EB80D5 /* skin_top_background@2x.png in Resources */ = {isa = PBXBuildFile; fileRef = 3B2083E11CF041B400EB80D5 /* skin_top_background@2x.png */; };
		3B2083E41CF04EBB00EB80D5 /* timeline_image_placeholder.png in Resources */ = {isa = PBXBuildFile; fileRef = 3B2083E31CF04EBB00EB80D5 /* timeline_image_placeholder.png */; };
		3B45DBB21DFFA11A006691A4 /* HYCacheManager.m in Sources */ = {isa = PBXBuildFile; fileRef = 3B45DBB11DFFA11A006691A4 /* HYCacheManager.m */; };
		3B4BED301E0CCBA30071FD72 /* CustomCell.m in Sources */ = {isa = PBXBuildFile; fileRef = 3B4BED2E1E0CCBA30071FD72 /* CustomCell.m */; };
		3B4BED311E0CCBA30071FD72 /* CustomCell.xib in Resources */ = {isa = PBXBuildFile; fileRef = 3B4BED2F1E0CCBA30071FD72 /* CustomCell.xib */; };
		3BD8D0881E062E160058B665 /* HYMemoryCache.m in Sources */ = {isa = PBXBuildFile; fileRef = 3BD8D0871E062E160058B665 /* HYMemoryCache.m */; };
		3BE5DC4C1D8801280065383B /* HYDiskCache.m in Sources */ = {isa = PBXBuildFile; fileRef = 3BE5DC4B1D8801280065383B /* HYDiskCache.m */; };
		3BE5F2DC1CDB7980003617CE /* HYFPSLabel.m in Sources */ = {isa = PBXBuildFile; fileRef = 3BE5F2DB1CDB7980003617CE /* HYFPSLabel.m */; };
		3BF0D5C01CF2B1FB0094540F /* MKAnnotationView+WebCache.m in Sources */ = {isa = PBXBuildFile; fileRef = 3BF0D5A01CF2B1FB0094540F /* MKAnnotationView+WebCache.m */; };
		3BF0D5C11CF2B1FB0094540F /* NSData+ImageContentType.m in Sources */ = {isa = PBXBuildFile; fileRef = 3BF0D5A21CF2B1FB0094540F /* NSData+ImageContentType.m */; };
		3BF0D5C21CF2B1FB0094540F /* SDImageCache.m in Sources */ = {isa = PBXBuildFile; fileRef = 3BF0D5A41CF2B1FB0094540F /* SDImageCache.m */; };
		3BF0D5C31CF2B1FB0094540F /* SDWebImageCompat.m in Sources */ = {isa = PBXBuildFile; fileRef = 3BF0D5A61CF2B1FB0094540F /* SDWebImageCompat.m */; };
		3BF0D5C41CF2B1FB0094540F /* SDWebImageDecoder.m in Sources */ = {isa = PBXBuildFile; fileRef = 3BF0D5A81CF2B1FB0094540F /* SDWebImageDecoder.m */; };
		3BF0D5C51CF2B1FB0094540F /* SDWebImageDownloader.m in Sources */ = {isa = PBXBuildFile; fileRef = 3BF0D5AA1CF2B1FB0094540F /* SDWebImageDownloader.m */; };
		3BF0D5C61CF2B1FB0094540F /* SDWebImageDownloaderOperation.m in Sources */ = {isa = PBXBuildFile; fileRef = 3BF0D5AC1CF2B1FB0094540F /* SDWebImageDownloaderOperation.m */; };
		3BF0D5C71CF2B1FB0094540F /* SDWebImageManager.m in Sources */ = {isa = PBXBuildFile; fileRef = 3BF0D5AE1CF2B1FB0094540F /* SDWebImageManager.m */; };
		3BF0D5C81CF2B1FB0094540F /* SDWebImagePrefetcher.m in Sources */ = {isa = PBXBuildFile; fileRef = 3BF0D5B11CF2B1FB0094540F /* SDWebImagePrefetcher.m */; };
		3BF0D5C91CF2B1FB0094540F /* UIButton+WebCache.m in Sources */ = {isa = PBXBuildFile; fileRef = 3BF0D5B31CF2B1FB0094540F /* UIButton+WebCache.m */; };
		3BF0D5CA1CF2B1FB0094540F /* UIImage+GIF.m in Sources */ = {isa = PBXBuildFile; fileRef = 3BF0D5B51CF2B1FB0094540F /* UIImage+GIF.m */; };
		3BF0D5CB1CF2B1FB0094540F /* UIImage+MultiFormat.m in Sources */ = {isa = PBXBuildFile; fileRef = 3BF0D5B71CF2B1FB0094540F /* UIImage+MultiFormat.m */; };
		3BF0D5CC1CF2B1FB0094540F /* UIImage+WebP.m in Sources */ = {isa = PBXBuildFile; fileRef = 3BF0D5B91CF2B1FB0094540F /* UIImage+WebP.m */; };
		3BF0D5CD1CF2B1FB0094540F /* UIImageView+HighlightedWebCache.m in Sources */ = {isa = PBXBuildFile; fileRef = 3BF0D5BB1CF2B1FB0094540F /* UIImageView+HighlightedWebCache.m */; };
		3BF0D5CE1CF2B1FB0094540F /* UIImageView+WebCache.m in Sources */ = {isa = PBXBuildFile; fileRef = 3BF0D5BD1CF2B1FB0094540F /* UIImageView+WebCache.m */; };
		3BF0D5CF1CF2B1FB0094540F /* UIView+WebCacheOperation.m in Sources */ = {isa = PBXBuildFile; fileRef = 3BF0D5BF1CF2B1FB0094540F /* UIView+WebCacheOperation.m */; };
		3BF37B031CD5DF96007F46AD /* main.m in Sources */ = {isa = PBXBuildFile; fileRef = 3BF37B021CD5DF96007F46AD /* main.m */; };
		3BF37B061CD5DF96007F46AD /* AppDelegate.m in Sources */ = {isa = PBXBuildFile; fileRef = 3BF37B051CD5DF96007F46AD /* AppDelegate.m */; };
		3BF37B091CD5DF96007F46AD /* ViewController.m in Sources */ = {isa = PBXBuildFile; fileRef = 3BF37B081CD5DF96007F46AD /* ViewController.m */; };
		3BF37B0C1CD5DF96007F46AD /* Main.storyboard in Resources */ = {isa = PBXBuildFile; fileRef = 3BF37B0A1CD5DF96007F46AD /* Main.storyboard */; };
		3BF37B0E1CD5DF96007F46AD /* Assets.xcassets in Resources */ = {isa = PBXBuildFile; fileRef = 3BF37B0D1CD5DF96007F46AD /* Assets.xcassets */; };
		3BF37B111CD5DF96007F46AD /* LaunchScreen.storyboard in Resources */ = {isa = PBXBuildFile; fileRef = 3BF37B0F1CD5DF96007F46AD /* LaunchScreen.storyboard */; };
		3BF37B1C1CD5DF96007F46AD /* HYImageDownloaderTests.m in Sources */ = {isa = PBXBuildFile; fileRef = 3BF37B1B1CD5DF96007F46AD /* HYImageDownloaderTests.m */; };
		635BB6D11CF2B0630080B0D2 /* HYImageDownloader.m in Sources */ = {isa = PBXBuildFile; fileRef = 635BB6CC1CF2B0630080B0D2 /* HYImageDownloader.m */; };
		635BB6D21CF2B0630080B0D2 /* Images.bundle in Resources */ = {isa = PBXBuildFile; fileRef = 635BB6CD1CF2B0630080B0D2 /* Images.bundle */; };
		635BB6D31CF2B0630080B0D2 /* UIImageView+HYImageDownloader.m in Sources */ = {isa = PBXBuildFile; fileRef = 635BB6CF1CF2B0630080B0D2 /* UIImageView+HYImageDownloader.m */; };
/* End PBXBuildFile section */

/* Begin PBXContainerItemProxy section */
		3BF37B181CD5DF96007F46AD /* PBXContainerItemProxy */ = {
			isa = PBXContainerItemProxy;
			containerPortal = 3BF37AF61CD5DF96007F46AD /* Project object */;
			proxyType = 1;
			remoteGlobalIDString = 3BF37AFD1CD5DF96007F46AD;
			remoteInfo = HYImageDownloader;
		};
/* End PBXContainerItemProxy section */

/* Begin PBXFileReference section */
		3B2083E11CF041B400EB80D5 /* skin_top_background@2x.png */ = {isa = PBXFileReference; lastKnownFileType = image.png; path = "skin_top_background@2x.png"; sourceTree = "<group>"; };
		3B2083E31CF04EBB00EB80D5 /* timeline_image_placeholder.png */ = {isa = PBXFileReference; lastKnownFileType = image.png; path = timeline_image_placeholder.png; sourceTree = "<group>"; };
		3B45DBB01DFFA11A006691A4 /* HYCacheManager.h */ = {isa = PBXFileReference; fileEncoding = 4; lastKnownFileType = sourcecode.c.h; path = HYCacheManager.h; sourceTree = "<group>"; };
		3B45DBB11DFFA11A006691A4 /* HYCacheManager.m */ = {isa = PBXFileReference; fileEncoding = 4; lastKnownFileType = sourcecode.c.objc; path = HYCacheManager.m; sourceTree = "<group>"; };
		3B4BED2D1E0CCBA30071FD72 /* CustomCell.h */ = {isa = PBXFileReference; fileEncoding = 4; lastKnownFileType = sourcecode.c.h; path = CustomCell.h; sourceTree = "<group>"; };
		3B4BED2E1E0CCBA30071FD72 /* CustomCell.m */ = {isa = PBXFileReference; fileEncoding = 4; lastKnownFileType = sourcecode.c.objc; path = CustomCell.m; sourceTree = "<group>"; };
		3B4BED2F1E0CCBA30071FD72 /* CustomCell.xib */ = {isa = PBXFileReference; fileEncoding = 4; lastKnownFileType = file.xib; path = CustomCell.xib; sourceTree = "<group>"; };
		3BD8D0861E062E160058B665 /* HYMemoryCache.h */ = {isa = PBXFileReference; fileEncoding = 4; lastKnownFileType = sourcecode.c.h; path = HYMemoryCache.h; sourceTree = "<group>"; };
		3BD8D0871E062E160058B665 /* HYMemoryCache.m */ = {isa = PBXFileReference; fileEncoding = 4; lastKnownFileType = sourcecode.c.objc; path = HYMemoryCache.m; sourceTree = "<group>"; };
		3BE5DC4A1D8801280065383B /* HYDiskCache.h */ = {isa = PBXFileReference; fileEncoding = 4; lastKnownFileType = sourcecode.c.h; path = HYDiskCache.h; sourceTree = "<group>"; };
		3BE5DC4B1D8801280065383B /* HYDiskCache.m */ = {isa = PBXFileReference; fileEncoding = 4; lastKnownFileType = sourcecode.c.objc; path = HYDiskCache.m; sourceTree = "<group>"; };
		3BE5F2DA1CDB7980003617CE /* HYFPSLabel.h */ = {isa = PBXFileReference; fileEncoding = 4; lastKnownFileType = sourcecode.c.h; path = HYFPSLabel.h; sourceTree = "<group>"; };
		3BE5F2DB1CDB7980003617CE /* HYFPSLabel.m */ = {isa = PBXFileReference; fileEncoding = 4; lastKnownFileType = sourcecode.c.objc; path = HYFPSLabel.m; sourceTree = "<group>"; };
		3BF0D59F1CF2B1FB0094540F /* MKAnnotationView+WebCache.h */ = {isa = PBXFileReference; fileEncoding = 4; lastKnownFileType = sourcecode.c.h; path = "MKAnnotationView+WebCache.h"; sourceTree = "<group>"; };
		3BF0D5A01CF2B1FB0094540F /* MKAnnotationView+WebCache.m */ = {isa = PBXFileReference; fileEncoding = 4; lastKnownFileType = sourcecode.c.objc; path = "MKAnnotationView+WebCache.m"; sourceTree = "<group>"; };
		3BF0D5A11CF2B1FB0094540F /* NSData+ImageContentType.h */ = {isa = PBXFileReference; fileEncoding = 4; lastKnownFileType = sourcecode.c.h; path = "NSData+ImageContentType.h"; sourceTree = "<group>"; };
		3BF0D5A21CF2B1FB0094540F /* NSData+ImageContentType.m */ = {isa = PBXFileReference; fileEncoding = 4; lastKnownFileType = sourcecode.c.objc; path = "NSData+ImageContentType.m"; sourceTree = "<group>"; };
		3BF0D5A31CF2B1FB0094540F /* SDImageCache.h */ = {isa = PBXFileReference; fileEncoding = 4; lastKnownFileType = sourcecode.c.h; path = SDImageCache.h; sourceTree = "<group>"; };
		3BF0D5A41CF2B1FB0094540F /* SDImageCache.m */ = {isa = PBXFileReference; fileEncoding = 4; lastKnownFileType = sourcecode.c.objc; path = SDImageCache.m; sourceTree = "<group>"; };
		3BF0D5A51CF2B1FB0094540F /* SDWebImageCompat.h */ = {isa = PBXFileReference; fileEncoding = 4; lastKnownFileType = sourcecode.c.h; path = SDWebImageCompat.h; sourceTree = "<group>"; };
		3BF0D5A61CF2B1FB0094540F /* SDWebImageCompat.m */ = {isa = PBXFileReference; fileEncoding = 4; lastKnownFileType = sourcecode.c.objc; path = SDWebImageCompat.m; sourceTree = "<group>"; };
		3BF0D5A71CF2B1FB0094540F /* SDWebImageDecoder.h */ = {isa = PBXFileReference; fileEncoding = 4; lastKnownFileType = sourcecode.c.h; path = SDWebImageDecoder.h; sourceTree = "<group>"; };
		3BF0D5A81CF2B1FB0094540F /* SDWebImageDecoder.m */ = {isa = PBXFileReference; fileEncoding = 4; lastKnownFileType = sourcecode.c.objc; path = SDWebImageDecoder.m; sourceTree = "<group>"; };
		3BF0D5A91CF2B1FB0094540F /* SDWebImageDownloader.h */ = {isa = PBXFileReference; fileEncoding = 4; lastKnownFileType = sourcecode.c.h; path = SDWebImageDownloader.h; sourceTree = "<group>"; };
		3BF0D5AA1CF2B1FB0094540F /* SDWebImageDownloader.m */ = {isa = PBXFileReference; fileEncoding = 4; lastKnownFileType = sourcecode.c.objc; path = SDWebImageDownloader.m; sourceTree = "<group>"; };
		3BF0D5AB1CF2B1FB0094540F /* SDWebImageDownloaderOperation.h */ = {isa = PBXFileReference; fileEncoding = 4; lastKnownFileType = sourcecode.c.h; path = SDWebImageDownloaderOperation.h; sourceTree = "<group>"; };
		3BF0D5AC1CF2B1FB0094540F /* SDWebImageDownloaderOperation.m */ = {isa = PBXFileReference; fileEncoding = 4; lastKnownFileType = sourcecode.c.objc; path = SDWebImageDownloaderOperation.m; sourceTree = "<group>"; };
		3BF0D5AD1CF2B1FB0094540F /* SDWebImageManager.h */ = {isa = PBXFileReference; fileEncoding = 4; lastKnownFileType = sourcecode.c.h; path = SDWebImageManager.h; sourceTree = "<group>"; };
		3BF0D5AE1CF2B1FB0094540F /* SDWebImageManager.m */ = {isa = PBXFileReference; fileEncoding = 4; lastKnownFileType = sourcecode.c.objc; path = SDWebImageManager.m; sourceTree = "<group>"; };
		3BF0D5AF1CF2B1FB0094540F /* SDWebImageOperation.h */ = {isa = PBXFileReference; fileEncoding = 4; lastKnownFileType = sourcecode.c.h; path = SDWebImageOperation.h; sourceTree = "<group>"; };
		3BF0D5B01CF2B1FB0094540F /* SDWebImagePrefetcher.h */ = {isa = PBXFileReference; fileEncoding = 4; lastKnownFileType = sourcecode.c.h; path = SDWebImagePrefetcher.h; sourceTree = "<group>"; };
		3BF0D5B11CF2B1FB0094540F /* SDWebImagePrefetcher.m */ = {isa = PBXFileReference; fileEncoding = 4; lastKnownFileType = sourcecode.c.objc; path = SDWebImagePrefetcher.m; sourceTree = "<group>"; };
		3BF0D5B21CF2B1FB0094540F /* UIButton+WebCache.h */ = {isa = PBXFileReference; fileEncoding = 4; lastKnownFileType = sourcecode.c.h; path = "UIButton+WebCache.h"; sourceTree = "<group>"; };
		3BF0D5B31CF2B1FB0094540F /* UIButton+WebCache.m */ = {isa = PBXFileReference; fileEncoding = 4; lastKnownFileType = sourcecode.c.objc; path = "UIButton+WebCache.m"; sourceTree = "<group>"; };
		3BF0D5B41CF2B1FB0094540F /* UIImage+GIF.h */ = {isa = PBXFileReference; fileEncoding = 4; lastKnownFileType = sourcecode.c.h; path = "UIImage+GIF.h"; sourceTree = "<group>"; };
		3BF0D5B51CF2B1FB0094540F /* UIImage+GIF.m */ = {isa = PBXFileReference; fileEncoding = 4; lastKnownFileType = sourcecode.c.objc; path = "UIImage+GIF.m"; sourceTree = "<group>"; };
		3BF0D5B61CF2B1FB0094540F /* UIImage+MultiFormat.h */ = {isa = PBXFileReference; fileEncoding = 4; lastKnownFileType = sourcecode.c.h; path = "UIImage+MultiFormat.h"; sourceTree = "<group>"; };
		3BF0D5B71CF2B1FB0094540F /* UIImage+MultiFormat.m */ = {isa = PBXFileReference; fileEncoding = 4; lastKnownFileType = sourcecode.c.objc; path = "UIImage+MultiFormat.m"; sourceTree = "<group>"; };
		3BF0D5B81CF2B1FB0094540F /* UIImage+WebP.h */ = {isa = PBXFileReference; fileEncoding = 4; lastKnownFileType = sourcecode.c.h; path = "UIImage+WebP.h"; sourceTree = "<group>"; };
		3BF0D5B91CF2B1FB0094540F /* UIImage+WebP.m */ = {isa = PBXFileReference; fileEncoding = 4; lastKnownFileType = sourcecode.c.objc; path = "UIImage+WebP.m"; sourceTree = "<group>"; };
		3BF0D5BA1CF2B1FB0094540F /* UIImageView+HighlightedWebCache.h */ = {isa = PBXFileReference; fileEncoding = 4; lastKnownFileType = sourcecode.c.h; path = "UIImageView+HighlightedWebCache.h"; sourceTree = "<group>"; };
		3BF0D5BB1CF2B1FB0094540F /* UIImageView+HighlightedWebCache.m */ = {isa = PBXFileReference; fileEncoding = 4; lastKnownFileType = sourcecode.c.objc; path = "UIImageView+HighlightedWebCache.m"; sourceTree = "<group>"; };
		3BF0D5BC1CF2B1FB0094540F /* UIImageView+WebCache.h */ = {isa = PBXFileReference; fileEncoding = 4; lastKnownFileType = sourcecode.c.h; path = "UIImageView+WebCache.h"; sourceTree = "<group>"; };
		3BF0D5BD1CF2B1FB0094540F /* UIImageView+WebCache.m */ = {isa = PBXFileReference; fileEncoding = 4; lastKnownFileType = sourcecode.c.objc; path = "UIImageView+WebCache.m"; sourceTree = "<group>"; };
		3BF0D5BE1CF2B1FB0094540F /* UIView+WebCacheOperation.h */ = {isa = PBXFileReference; fileEncoding = 4; lastKnownFileType = sourcecode.c.h; path = "UIView+WebCacheOperation.h"; sourceTree = "<group>"; };
		3BF0D5BF1CF2B1FB0094540F /* UIView+WebCacheOperation.m */ = {isa = PBXFileReference; fileEncoding = 4; lastKnownFileType = sourcecode.c.objc; path = "UIView+WebCacheOperation.m"; sourceTree = "<group>"; };
		3BF37AFE1CD5DF96007F46AD /* HYImageDownloader.app */ = {isa = PBXFileReference; explicitFileType = wrapper.application; includeInIndex = 0; path = HYImageDownloader.app; sourceTree = BUILT_PRODUCTS_DIR; };
		3BF37B021CD5DF96007F46AD /* main.m */ = {isa = PBXFileReference; lastKnownFileType = sourcecode.c.objc; path = main.m; sourceTree = "<group>"; };
		3BF37B041CD5DF96007F46AD /* AppDelegate.h */ = {isa = PBXFileReference; lastKnownFileType = sourcecode.c.h; path = AppDelegate.h; sourceTree = "<group>"; };
		3BF37B051CD5DF96007F46AD /* AppDelegate.m */ = {isa = PBXFileReference; lastKnownFileType = sourcecode.c.objc; path = AppDelegate.m; sourceTree = "<group>"; };
		3BF37B071CD5DF96007F46AD /* ViewController.h */ = {isa = PBXFileReference; lastKnownFileType = sourcecode.c.h; path = ViewController.h; sourceTree = "<group>"; };
		3BF37B081CD5DF96007F46AD /* ViewController.m */ = {isa = PBXFileReference; lastKnownFileType = sourcecode.c.objc; path = ViewController.m; sourceTree = "<group>"; };
		3BF37B0B1CD5DF96007F46AD /* Base */ = {isa = PBXFileReference; lastKnownFileType = file.storyboard; name = Base; path = Base.lproj/Main.storyboard; sourceTree = "<group>"; };
		3BF37B0D1CD5DF96007F46AD /* Assets.xcassets */ = {isa = PBXFileReference; lastKnownFileType = folder.assetcatalog; path = Assets.xcassets; sourceTree = "<group>"; };
		3BF37B101CD5DF96007F46AD /* Base */ = {isa = PBXFileReference; lastKnownFileType = file.storyboard; name = Base; path = Base.lproj/LaunchScreen.storyboard; sourceTree = "<group>"; };
		3BF37B121CD5DF96007F46AD /* Info.plist */ = {isa = PBXFileReference; lastKnownFileType = text.plist.xml; path = Info.plist; sourceTree = "<group>"; };
		3BF37B171CD5DF96007F46AD /* HYImageDownloaderTests.xctest */ = {isa = PBXFileReference; explicitFileType = wrapper.cfbundle; includeInIndex = 0; path = HYImageDownloaderTests.xctest; sourceTree = BUILT_PRODUCTS_DIR; };
		3BF37B1B1CD5DF96007F46AD /* HYImageDownloaderTests.m */ = {isa = PBXFileReference; lastKnownFileType = sourcecode.c.objc; path = HYImageDownloaderTests.m; sourceTree = "<group>"; };
		3BF37B1D1CD5DF96007F46AD /* Info.plist */ = {isa = PBXFileReference; lastKnownFileType = text.plist.xml; path = Info.plist; sourceTree = "<group>"; };
		635BB6CB1CF2B0630080B0D2 /* HYImageDownloader.h */ = {isa = PBXFileReference; fileEncoding = 4; lastKnownFileType = sourcecode.c.h; name = HYImageDownloader.h; path = HYImageDownloader/HYImageDownloader.h; sourceTree = "<group>"; };
		635BB6CC1CF2B0630080B0D2 /* HYImageDownloader.m */ = {isa = PBXFileReference; fileEncoding = 4; lastKnownFileType = sourcecode.c.objc; name = HYImageDownloader.m; path = HYImageDownloader/HYImageDownloader.m; sourceTree = "<group>"; };
		635BB6CD1CF2B0630080B0D2 /* Images.bundle */ = {isa = PBXFileReference; lastKnownFileType = "wrapper.plug-in"; name = "Images\U0010\U0010\U0010\U0010\U0010\U0010.bundle"; path = "HYImageDownloader/Images\U0010\U0010\U0010\U0010\U0010\U0010.bundle"; sourceTree = "<group>"; };
		635BB6CE1CF2B0630080B0D2 /* UIImageView+HYImageDownloader.h */ = {isa = PBXFileReference; fileEncoding = 4; lastKnownFileType = sourcecode.c.h; name = "UIImageView+HYImageDownloader.h"; path = "HYImageDownloader/UIImageView+HYImageDownloader.h"; sourceTree = "<group>"; };
		635BB6CF1CF2B0630080B0D2 /* UIImageView+HYImageDownloader.m */ = {isa = PBXFileReference; fileEncoding = 4; lastKnownFileType = sourcecode.c.objc; name = "UIImageView+HYImageDownloader.m"; path = "HYImageDownloader/UIImageView+HYImageDownloader.m"; sourceTree = "<group>"; };
/* End PBXFileReference section */

/* Begin PBXFrameworksBuildPhase section */
		3BF37AFB1CD5DF96007F46AD /* Frameworks */ = {
			isa = PBXFrameworksBuildPhase;
			buildActionMask = 2147483647;
			files = (
			);
			runOnlyForDeploymentPostprocessing = 0;
		};
		3BF37B141CD5DF96007F46AD /* Frameworks */ = {
			isa = PBXFrameworksBuildPhase;
			buildActionMask = 2147483647;
			files = (
			);
			runOnlyForDeploymentPostprocessing = 0;
		};
/* End PBXFrameworksBuildPhase section */

/* Begin PBXGroup section */
		3BF0D59E1CF2B1FB0094540F /* SDWebImage */ = {
			isa = PBXGroup;
			children = (
				3BF0D59F1CF2B1FB0094540F /* MKAnnotationView+WebCache.h */,
				3BF0D5A01CF2B1FB0094540F /* MKAnnotationView+WebCache.m */,
				3BF0D5A11CF2B1FB0094540F /* NSData+ImageContentType.h */,
				3BF0D5A21CF2B1FB0094540F /* NSData+ImageContentType.m */,
				3BF0D5A31CF2B1FB0094540F /* SDImageCache.h */,
				3BF0D5A41CF2B1FB0094540F /* SDImageCache.m */,
				3BF0D5A51CF2B1FB0094540F /* SDWebImageCompat.h */,
				3BF0D5A61CF2B1FB0094540F /* SDWebImageCompat.m */,
				3BF0D5A71CF2B1FB0094540F /* SDWebImageDecoder.h */,
				3BF0D5A81CF2B1FB0094540F /* SDWebImageDecoder.m */,
				3BF0D5A91CF2B1FB0094540F /* SDWebImageDownloader.h */,
				3BF0D5AA1CF2B1FB0094540F /* SDWebImageDownloader.m */,
				3BF0D5AB1CF2B1FB0094540F /* SDWebImageDownloaderOperation.h */,
				3BF0D5AC1CF2B1FB0094540F /* SDWebImageDownloaderOperation.m */,
				3BF0D5AD1CF2B1FB0094540F /* SDWebImageManager.h */,
				3BF0D5AE1CF2B1FB0094540F /* SDWebImageManager.m */,
				3BF0D5AF1CF2B1FB0094540F /* SDWebImageOperation.h */,
				3BF0D5B01CF2B1FB0094540F /* SDWebImagePrefetcher.h */,
				3BF0D5B11CF2B1FB0094540F /* SDWebImagePrefetcher.m */,
				3BF0D5B21CF2B1FB0094540F /* UIButton+WebCache.h */,
				3BF0D5B31CF2B1FB0094540F /* UIButton+WebCache.m */,
				3BF0D5B41CF2B1FB0094540F /* UIImage+GIF.h */,
				3BF0D5B51CF2B1FB0094540F /* UIImage+GIF.m */,
				3BF0D5B61CF2B1FB0094540F /* UIImage+MultiFormat.h */,
				3BF0D5B71CF2B1FB0094540F /* UIImage+MultiFormat.m */,
				3BF0D5B81CF2B1FB0094540F /* UIImage+WebP.h */,
				3BF0D5B91CF2B1FB0094540F /* UIImage+WebP.m */,
				3BF0D5BA1CF2B1FB0094540F /* UIImageView+HighlightedWebCache.h */,
				3BF0D5BB1CF2B1FB0094540F /* UIImageView+HighlightedWebCache.m */,
				3BF0D5BC1CF2B1FB0094540F /* UIImageView+WebCache.h */,
				3BF0D5BD1CF2B1FB0094540F /* UIImageView+WebCache.m */,
				3BF0D5BE1CF2B1FB0094540F /* UIView+WebCacheOperation.h */,
				3BF0D5BF1CF2B1FB0094540F /* UIView+WebCacheOperation.m */,
			);
			path = SDWebImage;
			sourceTree = "<group>";
		};
		3BF37AF51CD5DF96007F46AD = {
			isa = PBXGroup;
			children = (
				3BF37B001CD5DF96007F46AD /* HYImageDownloader */,
				3BF37B1A1CD5DF96007F46AD /* HYImageDownloaderTests */,
				3BF37AFF1CD5DF96007F46AD /* Products */,
			);
			sourceTree = "<group>";
		};
		3BF37AFF1CD5DF96007F46AD /* Products */ = {
			isa = PBXGroup;
			children = (
				3BF37AFE1CD5DF96007F46AD /* HYImageDownloader.app */,
				3BF37B171CD5DF96007F46AD /* HYImageDownloaderTests.xctest */,
			);
			name = Products;
			sourceTree = "<group>";
		};
		3BF37B001CD5DF96007F46AD /* HYImageDownloader */ = {
			isa = PBXGroup;
			children = (
				3BF37B041CD5DF96007F46AD /* AppDelegate.h */,
				3BF37B051CD5DF96007F46AD /* AppDelegate.m */,
				3BF37B071CD5DF96007F46AD /* ViewController.h */,
				3BF37B081CD5DF96007F46AD /* ViewController.m */,
				3B4BED2D1E0CCBA30071FD72 /* CustomCell.h */,
				3B4BED2E1E0CCBA30071FD72 /* CustomCell.m */,
				3B4BED2F1E0CCBA30071FD72 /* CustomCell.xib */,
				3BE5F2DA1CDB7980003617CE /* HYFPSLabel.h */,
				3BE5F2DB1CDB7980003617CE /* HYFPSLabel.m */,
				3BF0D59E1CF2B1FB0094540F /* SDWebImage */,
				635BB6D41CF2B1180080B0D2 /* HYImageDownloader */,
				3BF37B0A1CD5DF96007F46AD /* Main.storyboard */,
				3B2083E31CF04EBB00EB80D5 /* timeline_image_placeholder.png */,
				3B2083E11CF041B400EB80D5 /* skin_top_background@2x.png */,
				3BF37B0D1CD5DF96007F46AD /* Assets.xcassets */,
				3BF37B0F1CD5DF96007F46AD /* LaunchScreen.storyboard */,
				3BF37B121CD5DF96007F46AD /* Info.plist */,
				3BF37B011CD5DF96007F46AD /* Supporting Files */,
			);
			path = HYImageDownloader;
			sourceTree = "<group>";
		};
		3BF37B011CD5DF96007F46AD /* Supporting Files */ = {
			isa = PBXGroup;
			children = (
				3BF37B021CD5DF96007F46AD /* main.m */,
			);
			name = "Supporting Files";
			sourceTree = "<group>";
		};
		3BF37B1A1CD5DF96007F46AD /* HYImageDownloaderTests */ = {
			isa = PBXGroup;
			children = (
				3BF37B1B1CD5DF96007F46AD /* HYImageDownloaderTests.m */,
				3BF37B1D1CD5DF96007F46AD /* Info.plist */,
			);
			path = HYImageDownloaderTests;
			sourceTree = "<group>";
		};
		635BB6D41CF2B1180080B0D2 /* HYImageDownloader */ = {
			isa = PBXGroup;
			children = (
				3BD8D0861E062E160058B665 /* HYMemoryCache.h */,
				3BD8D0871E062E160058B665 /* HYMemoryCache.m */,
				3BE5DC4A1D8801280065383B /* HYDiskCache.h */,
				3BE5DC4B1D8801280065383B /* HYDiskCache.m */,
				3B45DBB01DFFA11A006691A4 /* HYCacheManager.h */,
				3B45DBB11DFFA11A006691A4 /* HYCacheManager.m */,
				635BB6CB1CF2B0630080B0D2 /* HYImageDownloader.h */,
				635BB6CC1CF2B0630080B0D2 /* HYImageDownloader.m */,
				635BB6CD1CF2B0630080B0D2 /* Images.bundle */,
				635BB6CE1CF2B0630080B0D2 /* UIImageView+HYImageDownloader.h */,
				635BB6CF1CF2B0630080B0D2 /* UIImageView+HYImageDownloader.m */,
			);
			name = HYImageDownloader;
			sourceTree = "<group>";
		};
/* End PBXGroup section */

/* Begin PBXNativeTarget section */
		3BF37AFD1CD5DF96007F46AD /* HYImageDownloader */ = {
			isa = PBXNativeTarget;
			buildConfigurationList = 3BF37B201CD5DF96007F46AD /* Build configuration list for PBXNativeTarget "HYImageDownloader" */;
			buildPhases = (
				3BF37AFA1CD5DF96007F46AD /* Sources */,
				3BF37AFB1CD5DF96007F46AD /* Frameworks */,
				3BF37AFC1CD5DF96007F46AD /* Resources */,
			);
			buildRules = (
			);
			dependencies = (
			);
			name = HYImageDownloader;
			productName = HYImageDownloader;
			productReference = 3BF37AFE1CD5DF96007F46AD /* HYImageDownloader.app */;
			productType = "com.apple.product-type.application";
		};
		3BF37B161CD5DF96007F46AD /* HYImageDownloaderTests */ = {
			isa = PBXNativeTarget;
			buildConfigurationList = 3BF37B231CD5DF96007F46AD /* Build configuration list for PBXNativeTarget "HYImageDownloaderTests" */;
			buildPhases = (
				3BF37B131CD5DF96007F46AD /* Sources */,
				3BF37B141CD5DF96007F46AD /* Frameworks */,
				3BF37B151CD5DF96007F46AD /* Resources */,
			);
			buildRules = (
			);
			dependencies = (
				3BF37B191CD5DF96007F46AD /* PBXTargetDependency */,
			);
			name = HYImageDownloaderTests;
			productName = HYImageDownloaderTests;
			productReference = 3BF37B171CD5DF96007F46AD /* HYImageDownloaderTests.xctest */;
			productType = "com.apple.product-type.bundle.unit-test";
		};
/* End PBXNativeTarget section */

/* Begin PBXProject section */
		3BF37AF61CD5DF96007F46AD /* Project object */ = {
			isa = PBXProject;
			attributes = {
				LastUpgradeCheck = 0730;
				ORGANIZATIONNAME = "He yang";
				TargetAttributes = {
					3BF37AFD1CD5DF96007F46AD = {
						CreatedOnToolsVersion = 7.3;
					};
					3BF37B161CD5DF96007F46AD = {
						CreatedOnToolsVersion = 7.3;
						TestTargetID = 3BF37AFD1CD5DF96007F46AD;
					};
				};
			};
			buildConfigurationList = 3BF37AF91CD5DF96007F46AD /* Build configuration list for PBXProject "HYImageDownloader" */;
			compatibilityVersion = "Xcode 3.2";
			developmentRegion = English;
			hasScannedForEncodings = 0;
			knownRegions = (
				en,
				Base,
			);
			mainGroup = 3BF37AF51CD5DF96007F46AD;
			productRefGroup = 3BF37AFF1CD5DF96007F46AD /* Products */;
			projectDirPath = "";
			projectRoot = "";
			targets = (
				3BF37AFD1CD5DF96007F46AD /* HYImageDownloader */,
				3BF37B161CD5DF96007F46AD /* HYImageDownloaderTests */,
			);
		};
/* End PBXProject section */

/* Begin PBXResourcesBuildPhase section */
		3BF37AFC1CD5DF96007F46AD /* Resources */ = {
			isa = PBXResourcesBuildPhase;
			buildActionMask = 2147483647;
			files = (
				3BF37B111CD5DF96007F46AD /* LaunchScreen.storyboard in Resources */,
				3B2083E21CF041B400EB80D5 /* skin_top_background@2x.png in Resources */,
				3B4BED311E0CCBA30071FD72 /* CustomCell.xib in Resources */,
				3BF37B0E1CD5DF96007F46AD /* Assets.xcassets in Resources */,
				3B2083E41CF04EBB00EB80D5 /* timeline_image_placeholder.png in Resources */,
				3BF37B0C1CD5DF96007F46AD /* Main.storyboard in Resources */,
				635BB6D21CF2B0630080B0D2 /* Images.bundle in Resources */,
			);
			runOnlyForDeploymentPostprocessing = 0;
		};
		3BF37B151CD5DF96007F46AD /* Resources */ = {
			isa = PBXResourcesBuildPhase;
			buildActionMask = 2147483647;
			files = (
			);
			runOnlyForDeploymentPostprocessing = 0;
		};
/* End PBXResourcesBuildPhase section */

/* Begin PBXSourcesBuildPhase section */
		3BF37AFA1CD5DF96007F46AD /* Sources */ = {
			isa = PBXSourcesBuildPhase;
			buildActionMask = 2147483647;
			files = (
				3BE5DC4C1D8801280065383B /* HYDiskCache.m in Sources */,
				3BF0D5CE1CF2B1FB0094540F /* UIImageView+WebCache.m in Sources */,
				3BF0D5CA1CF2B1FB0094540F /* UIImage+GIF.m in Sources */,
				3BF0D5C31CF2B1FB0094540F /* SDWebImageCompat.m in Sources */,
				3BF0D5C91CF2B1FB0094540F /* UIButton+WebCache.m in Sources */,
				3BF0D5CB1CF2B1FB0094540F /* UIImage+MultiFormat.m in Sources */,
				3BF0D5C81CF2B1FB0094540F /* SDWebImagePrefetcher.m in Sources */,
				3B45DBB21DFFA11A006691A4 /* HYCacheManager.m in Sources */,
				3BD8D0881E062E160058B665 /* HYMemoryCache.m in Sources */,
				3BF37B091CD5DF96007F46AD /* ViewController.m in Sources */,
				3BF0D5CF1CF2B1FB0094540F /* UIView+WebCacheOperation.m in Sources */,
				3BF0D5C01CF2B1FB0094540F /* MKAnnotationView+WebCache.m in Sources */,
				3B4BED301E0CCBA30071FD72 /* CustomCell.m in Sources */,
				3BF0D5CC1CF2B1FB0094540F /* UIImage+WebP.m in Sources */,
				635BB6D11CF2B0630080B0D2 /* HYImageDownloader.m in Sources */,
				3BF0D5C61CF2B1FB0094540F /* SDWebImageDownloaderOperation.m in Sources */,
				3BF0D5C41CF2B1FB0094540F /* SDWebImageDecoder.m in Sources */,
				3BE5F2DC1CDB7980003617CE /* HYFPSLabel.m in Sources */,
				3BF0D5CD1CF2B1FB0094540F /* UIImageView+HighlightedWebCache.m in Sources */,
				3BF0D5C11CF2B1FB0094540F /* NSData+ImageContentType.m in Sources */,
				3BF0D5C51CF2B1FB0094540F /* SDWebImageDownloader.m in Sources */,
				3BF37B061CD5DF96007F46AD /* AppDelegate.m in Sources */,
				635BB6D31CF2B0630080B0D2 /* UIImageView+HYImageDownloader.m in Sources */,
				3BF37B031CD5DF96007F46AD /* main.m in Sources */,
				3BF0D5C71CF2B1FB0094540F /* SDWebImageManager.m in Sources */,
				3BF0D5C21CF2B1FB0094540F /* SDImageCache.m in Sources */,
			);
			runOnlyForDeploymentPostprocessing = 0;
		};
		3BF37B131CD5DF96007F46AD /* Sources */ = {
			isa = PBXSourcesBuildPhase;
			buildActionMask = 2147483647;
			files = (
				3BF37B1C1CD5DF96007F46AD /* HYImageDownloaderTests.m in Sources */,
			);
			runOnlyForDeploymentPostprocessing = 0;
		};
/* End PBXSourcesBuildPhase section */

/* Begin PBXTargetDependency section */
		3BF37B191CD5DF96007F46AD /* PBXTargetDependency */ = {
			isa = PBXTargetDependency;
			target = 3BF37AFD1CD5DF96007F46AD /* HYImageDownloader */;
			targetProxy = 3BF37B181CD5DF96007F46AD /* PBXContainerItemProxy */;
		};
/* End PBXTargetDependency section */

/* Begin PBXVariantGroup section */
		3BF37B0A1CD5DF96007F46AD /* Main.storyboard */ = {
			isa = PBXVariantGroup;
			children = (
				3BF37B0B1CD5DF96007F46AD /* Base */,
			);
			name = Main.storyboard;
			sourceTree = "<group>";
		};
		3BF37B0F1CD5DF96007F46AD /* LaunchScreen.storyboard */ = {
			isa = PBXVariantGroup;
			children = (
				3BF37B101CD5DF96007F46AD /* Base */,
			);
			name = LaunchScreen.storyboard;
			sourceTree = "<group>";
		};
/* End PBXVariantGroup section */

/* Begin XCBuildConfiguration section */
		3BF37B1E1CD5DF96007F46AD /* Debug */ = {
			isa = XCBuildConfiguration;
			buildSettings = {
				ALWAYS_SEARCH_USER_PATHS = NO;
				CLANG_ANALYZER_NONNULL = YES;
				CLANG_CXX_LANGUAGE_STANDARD = "gnu++0x";
				CLANG_CXX_LIBRARY = "libc++";
				CLANG_ENABLE_MODULES = YES;
				CLANG_ENABLE_OBJC_ARC = YES;
				CLANG_WARN_BOOL_CONVERSION = YES;
				CLANG_WARN_CONSTANT_CONVERSION = YES;
				CLANG_WARN_DIRECT_OBJC_ISA_USAGE = YES_ERROR;
				CLANG_WARN_EMPTY_BODY = YES;
				CLANG_WARN_ENUM_CONVERSION = YES;
				CLANG_WARN_INT_CONVERSION = YES;
				CLANG_WARN_OBJC_ROOT_CLASS = YES_ERROR;
				CLANG_WARN_UNREACHABLE_CODE = YES;
				CLANG_WARN__DUPLICATE_METHOD_MATCH = YES;
				"CODE_SIGN_IDENTITY[sdk=iphoneos*]" = "iPhone Developer";
				COPY_PHASE_STRIP = NO;
				DEBUG_INFORMATION_FORMAT = dwarf;
				ENABLE_STRICT_OBJC_MSGSEND = YES;
				ENABLE_TESTABILITY = YES;
				GCC_C_LANGUAGE_STANDARD = gnu99;
				GCC_DYNAMIC_NO_PIC = NO;
				GCC_NO_COMMON_BLOCKS = YES;
				GCC_OPTIMIZATION_LEVEL = 0;
				GCC_PREPROCESSOR_DEFINITIONS = (
					"DEBUG=1",
					"$(inherited)",
				);
				GCC_WARN_64_TO_32_BIT_CONVERSION = YES;
				GCC_WARN_ABOUT_RETURN_TYPE = YES_ERROR;
				GCC_WARN_UNDECLARED_SELECTOR = YES;
				GCC_WARN_UNINITIALIZED_AUTOS = YES_AGGRESSIVE;
				GCC_WARN_UNUSED_FUNCTION = YES;
				GCC_WARN_UNUSED_VARIABLE = YES;
				IPHONEOS_DEPLOYMENT_TARGET = 9.3;
				MTL_ENABLE_DEBUG_INFO = YES;
				ONLY_ACTIVE_ARCH = YES;
				SDKROOT = iphoneos;
				TARGETED_DEVICE_FAMILY = "1,2";
			};
			name = Debug;
		};
		3BF37B1F1CD5DF96007F46AD /* Release */ = {
			isa = XCBuildConfiguration;
			buildSettings = {
				ALWAYS_SEARCH_USER_PATHS = NO;
				CLANG_ANALYZER_NONNULL = YES;
				CLANG_CXX_LANGUAGE_STANDARD = "gnu++0x";
				CLANG_CXX_LIBRARY = "libc++";
				CLANG_ENABLE_MODULES = YES;
				CLANG_ENABLE_OBJC_ARC = YES;
				CLANG_WARN_BOOL_CONVERSION = YES;
				CLANG_WARN_CONSTANT_CONVERSION = YES;
				CLANG_WARN_DIRECT_OBJC_ISA_USAGE = YES_ERROR;
				CLANG_WARN_EMPTY_BODY = YES;
				CLANG_WARN_ENUM_CONVERSION = YES;
				CLANG_WARN_INT_CONVERSION = YES;
				CLANG_WARN_OBJC_ROOT_CLASS = YES_ERROR;
				CLANG_WARN_UNREACHABLE_CODE = YES;
				CLANG_WARN__DUPLICATE_METHOD_MATCH = YES;
				"CODE_SIGN_IDENTITY[sdk=iphoneos*]" = "iPhone Developer";
				COPY_PHASE_STRIP = NO;
				DEBUG_INFORMATION_FORMAT = "dwarf-with-dsym";
				ENABLE_NS_ASSERTIONS = NO;
				ENABLE_STRICT_OBJC_MSGSEND = YES;
				GCC_C_LANGUAGE_STANDARD = gnu99;
				GCC_NO_COMMON_BLOCKS = YES;
				GCC_WARN_64_TO_32_BIT_CONVERSION = YES;
				GCC_WARN_ABOUT_RETURN_TYPE = YES_ERROR;
				GCC_WARN_UNDECLARED_SELECTOR = YES;
				GCC_WARN_UNINITIALIZED_AUTOS = YES_AGGRESSIVE;
				GCC_WARN_UNUSED_FUNCTION = YES;
				GCC_WARN_UNUSED_VARIABLE = YES;
				IPHONEOS_DEPLOYMENT_TARGET = 9.3;
				MTL_ENABLE_DEBUG_INFO = NO;
				SDKROOT = iphoneos;
				TARGETED_DEVICE_FAMILY = "1,2";
				VALIDATE_PRODUCT = YES;
			};
			name = Release;
		};
		3BF37B211CD5DF96007F46AD /* Debug */ = {
			isa = XCBuildConfiguration;
			buildSettings = {
				ASSETCATALOG_COMPILER_APPICON_NAME = AppIcon;
				INFOPLIST_FILE = HYImageDownloader/Info.plist;
				LD_RUNPATH_SEARCH_PATHS = "$(inherited) @executable_path/Frameworks";
				PRODUCT_BUNDLE_IDENTIFIER = IOS.HYImageDownloader;
				PRODUCT_NAME = "$(TARGET_NAME)";
			};
			name = Debug;
		};
		3BF37B221CD5DF96007F46AD /* Release */ = {
			isa = XCBuildConfiguration;
			buildSettings = {
				ASSETCATALOG_COMPILER_APPICON_NAME = AppIcon;
				INFOPLIST_FILE = HYImageDownloader/Info.plist;
				LD_RUNPATH_SEARCH_PATHS = "$(inherited) @executable_path/Frameworks";
				PRODUCT_BUNDLE_IDENTIFIER = IOS.HYImageDownloader;
				PRODUCT_NAME = "$(TARGET_NAME)";
			};
			name = Release;
		};
		3BF37B241CD5DF96007F46AD /* Debug */ = {
			isa = XCBuildConfiguration;
			buildSettings = {
				BUNDLE_LOADER = "$(TEST_HOST)";
				INFOPLIST_FILE = HYImageDownloaderTests/Info.plist;
				LD_RUNPATH_SEARCH_PATHS = "$(inherited) @executable_path/Frameworks @loader_path/Frameworks";
				PRODUCT_BUNDLE_IDENTIFIER = IOS.HYImageDownloaderTests;
				PRODUCT_NAME = "$(TARGET_NAME)";
				TEST_HOST = "$(BUILT_PRODUCTS_DIR)/HYImageDownloader.app/HYImageDownloader";
			};
			name = Debug;
		};
		3BF37B251CD5DF96007F46AD /* Release */ = {
			isa = XCBuildConfiguration;
			buildSettings = {
				BUNDLE_LOADER = "$(TEST_HOST)";
				INFOPLIST_FILE = HYImageDownloaderTests/Info.plist;
				LD_RUNPATH_SEARCH_PATHS = "$(inherited) @executable_path/Frameworks @loader_path/Frameworks";
				PRODUCT_BUNDLE_IDENTIFIER = IOS.HYImageDownloaderTests;
				PRODUCT_NAME = "$(TARGET_NAME)";
				TEST_HOST = "$(BUILT_PRODUCTS_DIR)/HYImageDownloader.app/HYImageDownloader";
			};
			name = Release;
		};
/* End XCBuildConfiguration section */

/* Begin XCConfigurationList section */
		3BF37AF91CD5DF96007F46AD /* Build configuration list for PBXProject "HYImageDownloader" */ = {
			isa = XCConfigurationList;
			buildConfigurations = (
				3BF37B1E1CD5DF96007F46AD /* Debug */,
				3BF37B1F1CD5DF96007F46AD /* Release */,
			);
			defaultConfigurationIsVisible = 0;
			defaultConfigurationName = Release;
		};
		3BF37B201CD5DF96007F46AD /* Build configuration list for PBXNativeTarget "HYImageDownloader" */ = {
			isa = XCConfigurationList;
			buildConfigurations = (
				3BF37B211CD5DF96007F46AD /* Debug */,
				3BF37B221CD5DF96007F46AD /* Release */,
			);
			defaultConfigurationIsVisible = 0;
			defaultConfigurationName = Release;
		};
		3BF37B231CD5DF96007F46AD /* Build configuration list for PBXNativeTarget "HYImageDownloaderTests" */ = {
			isa = XCConfigurationList;
			buildConfigurations = (
				3BF37B241CD5DF96007F46AD /* Debug */,
				3BF37B251CD5DF96007F46AD /* Release */,
			);
			defaultConfigurationIsVisible = 0;
			defaultConfigurationName = Release;
		};
/* End XCConfigurationList section */
	};
	rootObject = 3BF37AF61CD5DF96007F46AD /* Project object */;
}
